
Microsoft Visual Studio Solution File, Format Version 12.00
# Visual Studio 15
VisualStudioVersion = 15.0.28307.1231
MinimumVisualStudioVersion = 10.0.40219.1
Project("{FAE04EC0-301F-11D3-BF4B-00C04F79EFBC}") = "ACM.BL", "ACM.BL\ACM.BL.csproj", "{9F76245B-EE60-48CF-8214-9F72E385016F}"
EndProject
Project("{2150E333-8FDC-42A3-9474-1A3956D46DE8}") = "Tests", "Tests", "{039D11B7-DCA8-4CC4-8B0E-D67708F52A73}"
EndProject
Project("{FAE04EC0-301F-11D3-BF4B-00C04F79EFBC}") = "ACM.BLTest", "Tests\ACM.BLTest\ACM.BLTest.csproj", "{E5920A6A-D356-4DD8-88A4-1152F297006E}"
EndProject
Project("{FAE04EC0-301F-11D3-BF4B-00C04F79EFBC}") = "Acme.Common", "Acme.Common\Acme.Common.csproj", "{DEB90D7D-1D09-4A32-B68D-71A3028784E5}"
EndProject
Project("{FAE04EC0-301F-11D3-BF4B-00C04F79EFBC}") = "Acme.Common1Test", "Tests\Acme.Common1Test\Acme.Common1Test.csproj", "{0111F596-289B-4407-9075-BC9192DC2A0B}"
EndProject
Global
	GlobalSection(SolutionConfigurationPlatforms) = preSolution
		Debug|Any CPU = Debug|Any CPU
		Release|Any CPU = Release|Any CPU
	EndGlobalSection
	GlobalSection(ProjectConfigurationPlatforms) = postSolution
		{9F76245B-EE60-48CF-8214-9F72E385016F}.Debug|Any CPU.ActiveCfg = Debug|Any CPU
		{9F76245B-EE60-48CF-8214-9F72E385016F}.Debug|Any CPU.Build.0 = Debug|Any CPU
		{9F76245B-EE60-48CF-8214-9F72E385016F}.Release|Any CPU.ActiveCfg = Release|Any CPU
		{9F76245B-EE60-48CF-8214-9F72E385016F}.Release|Any CPU.Build.0 = Release|Any CPU
		{E5920A6A-D356-4DD8-88A4-1152F297006E}.Debug|Any CPU.ActiveCfg = Debug|Any CPU
		{E5920A6A-D356-4DD8-88A4-1152F297006E}.Debug|Any CPU.Build.0 = Debug|Any CPU
		{E5920A6A-D356-4DD8-88A4-1152F297006E}.Release|Any CPU.ActiveCfg = Release|Any CPU
		{E5920A6A-D356-4DD8-88A4-1152F297006E}.Release|Any CPU.Build.0 = Release|Any CPU
		{DEB90D7D-1D09-4A32-B68D-71A3028784E5}.Debug|Any CPU.ActiveCfg = Debug|Any CPU
		{DEB90D7D-1D09-4A32-B68D-71A3028784E5}.Debug|Any CPU.Build.0 = Debug|Any CPU
		{DEB90D7D-1D09-4A32-B68D-71A3028784E5}.Release|Any CPU.ActiveCfg = Release|Any CPU
		{DEB90D7D-1D09-4A32-B68D-71A3028784E5}.Release|Any CPU.Build.0 = Release|Any CPU
		{0111F596-289B-4407-9075-BC9192DC2A0B}.Debug|Any CPU.ActiveCfg = Debug|Any CPU
		{0111F596-289B-4407-9075-BC9192DC2A0B}.Debug|Any CPU.Build.0 = Debug|Any CPU
		{0111F596-289B-4407-9075-BC9192DC2A0B}.Release|Any CPU.ActiveCfg = Release|Any CPU
		{0111F596-289B-4407-9075-BC9192DC2A0B}.Release|Any CPU.Build.0 = Release|Any CPU
	EndGlobalSection
	GlobalSection(SolutionProperties) = preSolution
		HideSolutionNode = FALSE
	EndGlobalSection
	GlobalSection(NestedProjects) = preSolution
		{E5920A6A-D356-4DD8-88A4-1152F297006E} = {039D11B7-DCA8-4CC4-8B0E-D67708F52A73}
		{0111F596-289B-4407-9075-BC9192DC2A0B} = {039D11B7-DCA8-4CC4-8B0E-D67708F52A73}
	EndGlobalSection
	GlobalSection(ExtensibilityGlobals) = postSolution
		SolutionGuid = {888CBBCA-07D2-4451-B822-E8BF7E94F0C5}
	EndGlobalSection
EndGlobal
